{
  "pins" : [
    {
      "identity" : "kingfisher",
      "kind" : "remoteSourceControl",
      "location" : "https://github.com/onevcat/Kingfisher",
      "state" : {
        "branch" : "master",
        "revision" : "c21f9abbfa29dd3e1456387503d722ca5d11a71e"
      }
    },
    {
      "identity" : "toaster",
      "kind" : "remoteSourceControl",
      "location" : "https://github.com/devxoul/Toaster",
      "state" : {
        "branch" : "master",
        "revision" : "e291374fda2be69bed0330e4346d5fb2af08f4ba"
      }
    }
  ],
  "version" : 2
}
