// !$*UTF8*$!
{
	archiveVersion = 1;
	classes = {
	};
	objectVersion = 52;
	objects = {

/* Begin PBXBuildFile section */
		058557BB273AAA24004C7B11 /* Assets.xcassets in Resources */ = {isa = PBXBuildFile; fileRef = 058557BA273AAA24004C7B11 /* Assets.xcassets */; };
		058557D9273AAEEB004C7B11 /* Preview Assets.xcassets in Resources */ = {isa = PBXBuildFile; fileRef = 058557D8273AAEEB004C7B11 /* Preview Assets.xcassets */; };
		2152FB042600AC8F00CF470E /* iOSApp.swift in Sources */ = {isa = PBXBuildFile; fileRef = 2152FB032600AC8F00CF470E /* iOSApp.swift */; };
		87A5DCCD27A9B28E00A00109 /* Kingfisher in Frameworks */ = {isa = PBXBuildFile; productRef = 87A5DCCC27A9B28E00A00109 /* Kingfisher */; };
		87A5DCD827AD7E9000A00109 /* Toaster in Frameworks */ = {isa = PBXBuildFile; productRef = 87A5DCD727AD7E9000A00109 /* Toaster */; };
		87A5DCDA27AD80CA00A00109 /* Reachabilty.swift in Sources */ = {isa = PBXBuildFile; fileRef = 87A5DCD927AD80CA00A00109 /* Reachabilty.swift */; };
		87A5DD4C27AE9DF500A00109 /* SettingsScreen.swift in Sources */ = {isa = PBXBuildFile; fileRef = 87A5DD3827AE9DF500A00109 /* SettingsScreen.swift */; };
		87A5DD4D27AE9DF500A00109 /* SettingRowView.swift in Sources */ = {isa = PBXBuildFile; fileRef = 87A5DD3927AE9DF500A00109 /* SettingRowView.swift */; };
		87A5DD4E27AE9DF500A00109 /* UserSettings.swift in Sources */ = {isa = PBXBuildFile; fileRef = 87A5DD3A27AE9DF500A00109 /* UserSettings.swift */; };
		87A5DD4F27AE9DF500A00109 /* AppointmentRow.swift in Sources */ = {isa = PBXBuildFile; fileRef = 87A5DD3C27AE9DF500A00109 /* AppointmentRow.swift */; };
		87A5DD5027AE9DF500A00109 /* CatalogScreen.swift in Sources */ = {isa = PBXBuildFile; fileRef = 87A5DD3D27AE9DF500A00109 /* CatalogScreen.swift */; };
		87A5DD5127AE9DF500A00109 /* UnitRow.swift in Sources */ = {isa = PBXBuildFile; fileRef = 87A5DD3E27AE9DF500A00109 /* UnitRow.swift */; };
		87A5DD5227AE9DF500A00109 /* MainRouter.swift in Sources */ = {isa = PBXBuildFile; fileRef = 87A5DD3F27AE9DF500A00109 /* MainRouter.swift */; };
		87A5DD5327AE9DF500A00109 /* CallerScreen.swift in Sources */ = {isa = PBXBuildFile; fileRef = 87A5DD4127AE9DF500A00109 /* CallerScreen.swift */; };
		87A5DD5427AE9DF500A00109 /* GrowingButton.swift in Sources */ = {isa = PBXBuildFile; fileRef = 87A5DD4427AE9DF500A00109 /* GrowingButton.swift */; };
		87A5DD5527AE9DF500A00109 /* ProfileScreen.swift in Sources */ = {isa = PBXBuildFile; fileRef = 87A5DD4527AE9DF500A00109 /* ProfileScreen.swift */; };
		87A5DD5627AE9DF500A00109 /* ProfileView.swift in Sources */ = {isa = PBXBuildFile; fileRef = 87A5DD4627AE9DF500A00109 /* ProfileView.swift */; };
		87A5DD5727AE9DF500A00109 /* NewAccountView.swift in Sources */ = {isa = PBXBuildFile; fileRef = 87A5DD4727AE9DF500A00109 /* NewAccountView.swift */; };
		87A5DD5827AE9DF500A00109 /* CallVM.swift in Sources */ = {isa = PBXBuildFile; fileRef = 87A5DD4927AE9DF500A00109 /* CallVM.swift */; };
		87A5DD5927AE9DF500A00109 /* CatalogVM.swift in Sources */ = {isa = PBXBuildFile; fileRef = 87A5DD4A27AE9DF500A00109 /* CatalogVM.swift */; };
		87A5DD5A27AE9DF500A00109 /* ProfileVM.swift in Sources */ = {isa = PBXBuildFile; fileRef = 87A5DD4B27AE9DF500A00109 /* ProfileVM.swift */; };
		87A5DD5F27AE9F4500A00109 /* CallRow.swift in Sources */ = {isa = PBXBuildFile; fileRef = 87A5DD5B27AE9F4500A00109 /* CallRow.swift */; };
		87A5DD6027AE9F4500A00109 /* KeyPad.swift in Sources */ = {isa = PBXBuildFile; fileRef = 87A5DD5C27AE9F4500A00109 /* KeyPad.swift */; };
		87A5DD6127AE9F4500A00109 /* KeyPadButton.swift in Sources */ = {isa = PBXBuildFile; fileRef = 87A5DD5D27AE9F4500A00109 /* KeyPadButton.swift */; };
		87A5DD6227AE9F4500A00109 /* KeyPadRow.swift in Sources */ = {isa = PBXBuildFile; fileRef = 87A5DD5E27AE9F4500A00109 /* KeyPadRow.swift */; };
		87A5DD6427AF2A4800A00109 /* CallScreen.swift in Sources */ = {isa = PBXBuildFile; fileRef = 87A5DD6327AF2A4800A00109 /* CallScreen.swift */; };
		87A5DD7327B6A13E00A00109 /* libc++.tbd in Frameworks */ = {isa = PBXBuildFile; fileRef = 87A5DD7227B6A13300A00109 /* libc++.tbd */; };
		87A5DD7527B6A14D00A00109 /* libz.tbd in Frameworks */ = {isa = PBXBuildFile; fileRef = 87A5DD7427B6A14A00A00109 /* libz.tbd */; };
		87A5DD7727B6A15400A00109 /* SystemConfiguration.framework in Frameworks */ = {isa = PBXBuildFile; fileRef = 87A5DD7627B6A15400A00109 /* SystemConfiguration.framework */; };
		87A5DD7927B6A15B00A00109 /* CoreMedia.framework in Frameworks */ = {isa = PBXBuildFile; fileRef = 87A5DD7827B6A15B00A00109 /* CoreMedia.framework */; };
		87A5DD7B27B6A16000A00109 /* CoreGraphics.framework in Frameworks */ = {isa = PBXBuildFile; fileRef = 87A5DD7A27B6A16000A00109 /* CoreGraphics.framework */; };
		87A5DD7D27B6A16700A00109 /* AVFoundation.framework in Frameworks */ = {isa = PBXBuildFile; fileRef = 87A5DD7C27B6A16700A00109 /* AVFoundation.framework */; };
		87A5DD7F27B6A16D00A00109 /* Accelerate.framework in Frameworks */ = {isa = PBXBuildFile; fileRef = 87A5DD7E27B6A16D00A00109 /* Accelerate.framework */; };
		87A5DD8127B6A17200A00109 /* AudioToolbox.framework in Frameworks */ = {isa = PBXBuildFile; fileRef = 87A5DD8027B6A17200A00109 /* AudioToolbox.framework */; };
		87A5DD8227B6A19B00A00109 /* AbtoSipClientWrapper.xcframework in Frameworks */ = {isa = PBXBuildFile; fileRef = 87A5DD6E27B6A0DC00A00109 /* AbtoSipClientWrapper.xcframework */; };
		87A5DDBA27B6A64D00A00109 /* abto_keepawake.wav in Resources */ = {isa = PBXBuildFile; fileRef = 87A5DDAA27B6A64D00A00109 /* abto_keepawake.wav */; };
		87A5DDBB27B6A64D00A00109 /* abto_dtmf-pound.wav in Resources */ = {isa = PBXBuildFile; fileRef = 87A5DDAB27B6A64D00A00109 /* abto_dtmf-pound.wav */; };
		87A5DDBC27B6A64D00A00109 /* abto_dtmf-star.wav in Resources */ = {isa = PBXBuildFile; fileRef = 87A5DDAC27B6A64D00A00109 /* abto_dtmf-star.wav */; };
		87A5DDBD27B6A64D00A00109 /* abto_dtmf-9.wav in Resources */ = {isa = PBXBuildFile; fileRef = 87A5DDAD27B6A64D00A00109 /* abto_dtmf-9.wav */; };
		87A5DDBE27B6A64D00A00109 /* abto_ringtone.mp3 in Resources */ = {isa = PBXBuildFile; fileRef = 87A5DDAE27B6A64D00A00109 /* abto_ringtone.mp3 */; };
		87A5DDBF27B6A64D00A00109 /* abto_dtmf-8.wav in Resources */ = {isa = PBXBuildFile; fileRef = 87A5DDAF27B6A64D00A00109 /* abto_dtmf-8.wav */; };
		87A5DDC027B6A64D00A00109 /* abto_dtmf-4.wav in Resources */ = {isa = PBXBuildFile; fileRef = 87A5DDB027B6A64D00A00109 /* abto_dtmf-4.wav */; };
		87A5DDC127B6A64D00A00109 /* abto_dtmf-2.wav in Resources */ = {isa = PBXBuildFile; fileRef = 87A5DDB127B6A64D00A00109 /* abto_dtmf-2.wav */; };
		87A5DDC227B6A64D00A00109 /* abto_ringbacktone.wav in Resources */ = {isa = PBXBuildFile; fileRef = 87A5DDB227B6A64D00A00109 /* abto_ringbacktone.wav */; };
		87A5DDC327B6A64D00A00109 /* abto_dtmf-3.wav in Resources */ = {isa = PBXBuildFile; fileRef = 87A5DDB327B6A64D00A00109 /* abto_dtmf-3.wav */; };
		87A5DDC427B6A64D00A00109 /* abto_dtmf-5.wav in Resources */ = {isa = PBXBuildFile; fileRef = 87A5DDB427B6A64D00A00109 /* abto_dtmf-5.wav */; };
		87A5DDC527B6A64D00A00109 /* abto_dtmf-6.wav in Resources */ = {isa = PBXBuildFile; fileRef = 87A5DDB527B6A64D00A00109 /* abto_dtmf-6.wav */; };
		87A5DDC627B6A64D00A00109 /* abto_dtmf-0.wav in Resources */ = {isa = PBXBuildFile; fileRef = 87A5DDB627B6A64D00A00109 /* abto_dtmf-0.wav */; };
		87A5DDC727B6A64D00A00109 /* abto_dtmf-1.wav in Resources */ = {isa = PBXBuildFile; fileRef = 87A5DDB727B6A64D00A00109 /* abto_dtmf-1.wav */; };
		87A5DDC827B6A64D00A00109 /* abto_keepawake.caf in Resources */ = {isa = PBXBuildFile; fileRef = 87A5DDB827B6A64D00A00109 /* abto_keepawake.caf */; };
		87A5DDC927B6A64D00A00109 /* abto_dtmf-7.wav in Resources */ = {isa = PBXBuildFile; fileRef = 87A5DDB927B6A64D00A00109 /* abto_dtmf-7.wav */; };
		87A5DDCB27B6A8A000A00109 /* abto_keepawake.caf in Resources */ = {isa = PBXBuildFile; fileRef = 87A5DDCA27B6A89300A00109 /* abto_keepawake.caf */; };
		87A5DDCE27B6A9E800A00109 /* GenDefs.swift in Sources */ = {isa = PBXBuildFile; fileRef = 87A5DDCD27B6A9E800A00109 /* GenDefs.swift */; };
/* End PBXBuildFile section */

/* Begin PBXFileReference section */
		058557BA273AAA24004C7B11 /* Assets.xcassets */ = {isa = PBXFileReference; lastKnownFileType = folder.assetcatalog; path = Assets.xcassets; sourceTree = "<group>"; };
		058557D8273AAEEB004C7B11 /* Preview Assets.xcassets */ = {isa = PBXFileReference; lastKnownFileType = folder.assetcatalog; path = "Preview Assets.xcassets"; sourceTree = "<group>"; };
		2152FB032600AC8F00CF470E /* iOSApp.swift */ = {isa = PBXFileReference; lastKnownFileType = sourcecode.swift; path = iOSApp.swift; sourceTree = "<group>"; };
		7555FF7B242A565900829871 /* VoIP.app */ = {isa = PBXFileReference; explicitFileType = wrapper.application; includeInIndex = 0; path = VoIP.app; sourceTree = BUILT_PRODUCTS_DIR; };
		7555FF8C242A565B00829871 /* Info.plist */ = {isa = PBXFileReference; lastKnownFileType = text.plist.xml; path = Info.plist; sourceTree = "<group>"; };
		87A5DCD927AD80CA00A00109 /* Reachabilty.swift */ = {isa = PBXFileReference; lastKnownFileType = sourcecode.swift; path = Reachabilty.swift; sourceTree = "<group>"; };
		87A5DD3827AE9DF500A00109 /* SettingsScreen.swift */ = {isa = PBXFileReference; fileEncoding = 4; lastKnownFileType = sourcecode.swift; path = SettingsScreen.swift; sourceTree = "<group>"; };
		87A5DD3927AE9DF500A00109 /* SettingRowView.swift */ = {isa = PBXFileReference; fileEncoding = 4; lastKnownFileType = sourcecode.swift; path = SettingRowView.swift; sourceTree = "<group>"; };
		87A5DD3A27AE9DF500A00109 /* UserSettings.swift */ = {isa = PBXFileReference; fileEncoding = 4; lastKnownFileType = sourcecode.swift; path = UserSettings.swift; sourceTree = "<group>"; };
		87A5DD3C27AE9DF500A00109 /* AppointmentRow.swift */ = {isa = PBXFileReference; fileEncoding = 4; lastKnownFileType = sourcecode.swift; path = AppointmentRow.swift; sourceTree = "<group>"; };
		87A5DD3D27AE9DF500A00109 /* CatalogScreen.swift */ = {isa = PBXFileReference; fileEncoding = 4; lastKnownFileType = sourcecode.swift; path = CatalogScreen.swift; sourceTree = "<group>"; };
		87A5DD3E27AE9DF500A00109 /* UnitRow.swift */ = {isa = PBXFileReference; fileEncoding = 4; lastKnownFileType = sourcecode.swift; path = UnitRow.swift; sourceTree = "<group>"; };
		87A5DD3F27AE9DF500A00109 /* MainRouter.swift */ = {isa = PBXFileReference; fileEncoding = 4; lastKnownFileType = sourcecode.swift; path = MainRouter.swift; sourceTree = "<group>"; };
		87A5DD4127AE9DF500A00109 /* CallerScreen.swift */ = {isa = PBXFileReference; fileEncoding = 4; lastKnownFileType = sourcecode.swift; path = CallerScreen.swift; sourceTree = "<group>"; };
		87A5DD4427AE9DF500A00109 /* GrowingButton.swift */ = {isa = PBXFileReference; fileEncoding = 4; lastKnownFileType = sourcecode.swift; path = GrowingButton.swift; sourceTree = "<group>"; };
		87A5DD4527AE9DF500A00109 /* ProfileScreen.swift */ = {isa = PBXFileReference; fileEncoding = 4; lastKnownFileType = sourcecode.swift; path = ProfileScreen.swift; sourceTree = "<group>"; };
		87A5DD4627AE9DF500A00109 /* ProfileView.swift */ = {isa = PBXFileReference; fileEncoding = 4; lastKnownFileType = sourcecode.swift; path = ProfileView.swift; sourceTree = "<group>"; };
		87A5DD4727AE9DF500A00109 /* NewAccountView.swift */ = {isa = PBXFileReference; fileEncoding = 4; lastKnownFileType = sourcecode.swift; path = NewAccountView.swift; sourceTree = "<group>"; };
		87A5DD4927AE9DF500A00109 /* CallVM.swift */ = {isa = PBXFileReference; fileEncoding = 4; lastKnownFileType = sourcecode.swift; path = CallVM.swift; sourceTree = "<group>"; };
		87A5DD4A27AE9DF500A00109 /* CatalogVM.swift */ = {isa = PBXFileReference; fileEncoding = 4; lastKnownFileType = sourcecode.swift; path = CatalogVM.swift; sourceTree = "<group>"; };
		87A5DD4B27AE9DF500A00109 /* ProfileVM.swift */ = {isa = PBXFileReference; fileEncoding = 4; lastKnownFileType = sourcecode.swift; path = ProfileVM.swift; sourceTree = "<group>"; };
		87A5DD5B27AE9F4500A00109 /* CallRow.swift */ = {isa = PBXFileReference; fileEncoding = 4; lastKnownFileType = sourcecode.swift; path = CallRow.swift; sourceTree = "<group>"; };
		87A5DD5C27AE9F4500A00109 /* KeyPad.swift */ = {isa = PBXFileReference; fileEncoding = 4; lastKnownFileType = sourcecode.swift; path = KeyPad.swift; sourceTree = "<group>"; };
		87A5DD5D27AE9F4500A00109 /* KeyPadButton.swift */ = {isa = PBXFileReference; fileEncoding = 4; lastKnownFileType = sourcecode.swift; path = KeyPadButton.swift; sourceTree = "<group>"; };
		87A5DD5E27AE9F4500A00109 /* KeyPadRow.swift */ = {isa = PBXFileReference; fileEncoding = 4; lastKnownFileType = sourcecode.swift; path = KeyPadRow.swift; sourceTree = "<group>"; };
		87A5DD6327AF2A4800A00109 /* CallScreen.swift */ = {isa = PBXFileReference; lastKnownFileType = sourcecode.swift; path = CallScreen.swift; sourceTree = "<group>"; };
		87A5DD6E27B6A0DC00A00109 /* AbtoSipClientWrapper.xcframework */ = {isa = PBXFileReference; lastKnownFileType = wrapper.xcframework; name = AbtoSipClientWrapper.xcframework; path = "../../../Developer/ABTO_iOS_VoIP_SDK_trial(20210527)/AbtoSipClientWrapper.xcframework"; sourceTree = "<group>"; };
		87A5DD7227B6A13300A00109 /* libc++.tbd */ = {isa = PBXFileReference; lastKnownFileType = "sourcecode.text-based-dylib-definition"; name = "libc++.tbd"; path = "usr/lib/libc++.tbd"; sourceTree = SDKROOT; };
		87A5DD7427B6A14A00A00109 /* libz.tbd */ = {isa = PBXFileReference; lastKnownFileType = "sourcecode.text-based-dylib-definition"; name = libz.tbd; path = usr/lib/libz.tbd; sourceTree = SDKROOT; };
		87A5DD7627B6A15400A00109 /* SystemConfiguration.framework */ = {isa = PBXFileReference; lastKnownFileType = wrapper.framework; name = SystemConfiguration.framework; path = System/Library/Frameworks/SystemConfiguration.framework; sourceTree = SDKROOT; };
		87A5DD7827B6A15B00A00109 /* CoreMedia.framework */ = {isa = PBXFileReference; lastKnownFileType = wrapper.framework; name = CoreMedia.framework; path = System/Library/Frameworks/CoreMedia.framework; sourceTree = SDKROOT; };
		87A5DD7A27B6A16000A00109 /* CoreGraphics.framework */ = {isa = PBXFileReference; lastKnownFileType = wrapper.framework; name = CoreGraphics.framework; path = System/Library/Frameworks/CoreGraphics.framework; sourceTree = SDKROOT; };
		87A5DD7C27B6A16700A00109 /* AVFoundation.framework */ = {isa = PBXFileReference; lastKnownFileType = wrapper.framework; name = AVFoundation.framework; path = System/Library/Frameworks/AVFoundation.framework; sourceTree = SDKROOT; };
		87A5DD7E27B6A16D00A00109 /* Accelerate.framework */ = {isa = PBXFileReference; lastKnownFileType = wrapper.framework; name = Accelerate.framework; path = System/Library/Frameworks/Accelerate.framework; sourceTree = SDKROOT; };
		87A5DD8027B6A17200A00109 /* AudioToolbox.framework */ = {isa = PBXFileReference; lastKnownFileType = wrapper.framework; name = AudioToolbox.framework; path = System/Library/Frameworks/AudioToolbox.framework; sourceTree = SDKROOT; };
		87A5DDA627B6A5F200A00109 /* VoIP-Bridging-Header.h */ = {isa = PBXFileReference; lastKnownFileType = sourcecode.c.h; path = "VoIP-Bridging-Header.h"; sourceTree = "<group>"; };
		87A5DDAA27B6A64D00A00109 /* abto_keepawake.wav */ = {isa = PBXFileReference; lastKnownFileType = audio.wav; path = abto_keepawake.wav; sourceTree = "<group>"; };
		87A5DDAB27B6A64D00A00109 /* abto_dtmf-pound.wav */ = {isa = PBXFileReference; lastKnownFileType = audio.wav; path = "abto_dtmf-pound.wav"; sourceTree = "<group>"; };
		87A5DDAC27B6A64D00A00109 /* abto_dtmf-star.wav */ = {isa = PBXFileReference; lastKnownFileType = audio.wav; path = "abto_dtmf-star.wav"; sourceTree = "<group>"; };
		87A5DDAD27B6A64D00A00109 /* abto_dtmf-9.wav */ = {isa = PBXFileReference; lastKnownFileType = audio.wav; path = "abto_dtmf-9.wav"; sourceTree = "<group>"; };
		87A5DDAE27B6A64D00A00109 /* abto_ringtone.mp3 */ = {isa = PBXFileReference; lastKnownFileType = audio.mp3; path = abto_ringtone.mp3; sourceTree = "<group>"; };
		87A5DDAF27B6A64D00A00109 /* abto_dtmf-8.wav */ = {isa = PBXFileReference; lastKnownFileType = audio.wav; path = "abto_dtmf-8.wav"; sourceTree = "<group>"; };
		87A5DDB027B6A64D00A00109 /* abto_dtmf-4.wav */ = {isa = PBXFileReference; lastKnownFileType = audio.wav; path = "abto_dtmf-4.wav"; sourceTree = "<group>"; };
		87A5DDB127B6A64D00A00109 /* abto_dtmf-2.wav */ = {isa = PBXFileReference; lastKnownFileType = audio.wav; path = "abto_dtmf-2.wav"; sourceTree = "<group>"; };
		87A5DDB227B6A64D00A00109 /* abto_ringbacktone.wav */ = {isa = PBXFileReference; lastKnownFileType = audio.wav; path = abto_ringbacktone.wav; sourceTree = "<group>"; };
		87A5DDB327B6A64D00A00109 /* abto_dtmf-3.wav */ = {isa = PBXFileReference; lastKnownFileType = audio.wav; path = "abto_dtmf-3.wav"; sourceTree = "<group>"; };
		87A5DDB427B6A64D00A00109 /* abto_dtmf-5.wav */ = {isa = PBXFileReference; lastKnownFileType = audio.wav; path = "abto_dtmf-5.wav"; sourceTree = "<group>"; };
		87A5DDB527B6A64D00A00109 /* abto_dtmf-6.wav */ = {isa = PBXFileReference; lastKnownFileType = audio.wav; path = "abto_dtmf-6.wav"; sourceTree = "<group>"; };
		87A5DDB627B6A64D00A00109 /* abto_dtmf-0.wav */ = {isa = PBXFileReference; lastKnownFileType = audio.wav; path = "abto_dtmf-0.wav"; sourceTree = "<group>"; };
		87A5DDB727B6A64D00A00109 /* abto_dtmf-1.wav */ = {isa = PBXFileReference; lastKnownFileType = audio.wav; path = "abto_dtmf-1.wav"; sourceTree = "<group>"; };
		87A5DDB827B6A64D00A00109 /* abto_keepawake.caf */ = {isa = PBXFileReference; lastKnownFileType = file; path = abto_keepawake.caf; sourceTree = "<group>"; };
		87A5DDB927B6A64D00A00109 /* abto_dtmf-7.wav */ = {isa = PBXFileReference; lastKnownFileType = audio.wav; path = "abto_dtmf-7.wav"; sourceTree = "<group>"; };
		87A5DDCA27B6A89300A00109 /* abto_keepawake.caf */ = {isa = PBXFileReference; lastKnownFileType = file; name = abto_keepawake.caf; path = "../../../../../Developer/ABTO_iOS_VoIP_SDK_trial(20210527)/AbtoSipClientWrapper.xcframework/ios-arm64_armv7/AbtoSipClientWrapper.framework/Resources/abto_keepawake.caf"; sourceTree = "<group>"; };
		87A5DDCD27B6A9E800A00109 /* GenDefs.swift */ = {isa = PBXFileReference; fileEncoding = 4; lastKnownFileType = sourcecode.swift; path = GenDefs.swift; sourceTree = "<group>"; };
/* End PBXFileReference section */

/* Begin PBXFrameworksBuildPhase section */
		7555FF78242A565900829871 /* Frameworks */ = {
			isa = PBXFrameworksBuildPhase;
			buildActionMask = 2147483647;
			files = (
				87A5DD7D27B6A16700A00109 /* AVFoundation.framework in Frameworks */,
				87A5DD7927B6A15B00A00109 /* CoreMedia.framework in Frameworks */,
				87A5DD7327B6A13E00A00109 /* libc++.tbd in Frameworks */,
				87A5DD8227B6A19B00A00109 /* AbtoSipClientWrapper.xcframework in Frameworks */,
				87A5DD7727B6A15400A00109 /* SystemConfiguration.framework in Frameworks */,
				87A5DD7B27B6A16000A00109 /* CoreGraphics.framework in Frameworks */,
				87A5DD7527B6A14D00A00109 /* libz.tbd in Frameworks */,
				87A5DD7F27B6A16D00A00109 /* Accelerate.framework in Frameworks */,
				87A5DD8127B6A17200A00109 /* AudioToolbox.framework in Frameworks */,
				87A5DCCD27A9B28E00A00109 /* Kingfisher in Frameworks */,
				87A5DCD827AD7E9000A00109 /* Toaster in Frameworks */,
			);
			runOnlyForDeploymentPostprocessing = 0;
		};
/* End PBXFrameworksBuildPhase section */

/* Begin PBXGroup section */
		058557D7273AAEEB004C7B11 /* Preview Content */ = {
			isa = PBXGroup;
			children = (
				058557D8273AAEEB004C7B11 /* Preview Assets.xcassets */,
			);
			path = "Preview Content";
			sourceTree = "<group>";
		};
		7555FF72242A565900829871 = {
			isa = PBXGroup;
			children = (
				7555FF7D242A565900829871 /* iosVoip */,
				7555FF7C242A565900829871 /* Products */,
				7555FFB0242A642200829871 /* Frameworks */,
			);
			sourceTree = "<group>";
		};
		7555FF7C242A565900829871 /* Products */ = {
			isa = PBXGroup;
			children = (
				7555FF7B242A565900829871 /* VoIP.app */,
			);
			name = Products;
			sourceTree = "<group>";
		};
		7555FF7D242A565900829871 /* iosVoip */ = {
			isa = PBXGroup;
			children = (
				87A5DDCC27B6A9D600A00109 /* Abto */,
				87A5DDA927B6A63B00A00109 /* Resources */,
				87A5DD3627AE9DF500A00109 /* UI */,
				87A5DD4827AE9DF500A00109 /* VM */,
				058557BA273AAA24004C7B11 /* Assets.xcassets */,
				7555FF8C242A565B00829871 /* Info.plist */,
				2152FB032600AC8F00CF470E /* iOSApp.swift */,
				058557D7273AAEEB004C7B11 /* Preview Content */,
				87A5DCD927AD80CA00A00109 /* Reachabilty.swift */,
				87A5DDA627B6A5F200A00109 /* VoIP-Bridging-Header.h */,
			);
			path = iosVoip;
			sourceTree = "<group>";
		};
		7555FFB0242A642200829871 /* Frameworks */ = {
			isa = PBXGroup;
			children = (
				87A5DD8027B6A17200A00109 /* AudioToolbox.framework */,
				87A5DD7E27B6A16D00A00109 /* Accelerate.framework */,
				87A5DD7C27B6A16700A00109 /* AVFoundation.framework */,
				87A5DD7A27B6A16000A00109 /* CoreGraphics.framework */,
				87A5DD7827B6A15B00A00109 /* CoreMedia.framework */,
				87A5DD7627B6A15400A00109 /* SystemConfiguration.framework */,
				87A5DD7427B6A14A00A00109 /* libz.tbd */,
				87A5DD7227B6A13300A00109 /* libc++.tbd */,
				87A5DD6E27B6A0DC00A00109 /* AbtoSipClientWrapper.xcframework */,
			);
			name = Frameworks;
			sourceTree = "<group>";
		};
		87A5DD3627AE9DF500A00109 /* UI */ = {
			isa = PBXGroup;
			children = (
				87A5DD3727AE9DF500A00109 /* Settings */,
				87A5DD3B27AE9DF500A00109 /* Catalog */,
				87A5DD3F27AE9DF500A00109 /* MainRouter.swift */,
				87A5DD4027AE9DF500A00109 /* Caller */,
				87A5DD4227AE9DF500A00109 /* Call */,
				87A5DD4327AE9DF500A00109 /* Profile */,
			);
			path = UI;
			sourceTree = "<group>";
		};
		87A5DD3727AE9DF500A00109 /* Settings */ = {
			isa = PBXGroup;
			children = (
				87A5DD3827AE9DF500A00109 /* SettingsScreen.swift */,
				87A5DD3927AE9DF500A00109 /* SettingRowView.swift */,
				87A5DD3A27AE9DF500A00109 /* UserSettings.swift */,
			);
			path = Settings;
			sourceTree = "<group>";
		};
		87A5DD3B27AE9DF500A00109 /* Catalog */ = {
			isa = PBXGroup;
			children = (
				87A5DD3C27AE9DF500A00109 /* AppointmentRow.swift */,
				87A5DD3D27AE9DF500A00109 /* CatalogScreen.swift */,
				87A5DD3E27AE9DF500A00109 /* UnitRow.swift */,
			);
			path = Catalog;
			sourceTree = "<group>";
		};
		87A5DD4027AE9DF500A00109 /* Caller */ = {
			isa = PBXGroup;
			children = (
				87A5DD5B27AE9F4500A00109 /* CallRow.swift */,
				87A5DD5C27AE9F4500A00109 /* KeyPad.swift */,
				87A5DD5D27AE9F4500A00109 /* KeyPadButton.swift */,
				87A5DD5E27AE9F4500A00109 /* KeyPadRow.swift */,
				87A5DD4127AE9DF500A00109 /* CallerScreen.swift */,
			);
			path = Caller;
			sourceTree = "<group>";
		};
		87A5DD4227AE9DF500A00109 /* Call */ = {
			isa = PBXGroup;
			children = (
				87A5DD6327AF2A4800A00109 /* CallScreen.swift */,
			);
			path = Call;
			sourceTree = "<group>";
		};
		87A5DD4327AE9DF500A00109 /* Profile */ = {
			isa = PBXGroup;
			children = (
				87A5DD4427AE9DF500A00109 /* GrowingButton.swift */,
				87A5DD4527AE9DF500A00109 /* ProfileScreen.swift */,
				87A5DD4627AE9DF500A00109 /* ProfileView.swift */,
				87A5DD4727AE9DF500A00109 /* NewAccountView.swift */,
			);
			path = Profile;
			sourceTree = "<group>";
		};
		87A5DD4827AE9DF500A00109 /* VM */ = {
			isa = PBXGroup;
			children = (
				87A5DD4927AE9DF500A00109 /* CallVM.swift */,
				87A5DD4A27AE9DF500A00109 /* CatalogVM.swift */,
				87A5DD4B27AE9DF500A00109 /* ProfileVM.swift */,
			);
			path = VM;
			sourceTree = "<group>";
		};
		87A5DDA927B6A63B00A00109 /* Resources */ = {
			isa = PBXGroup;
			children = (
				87A5DDCA27B6A89300A00109 /* abto_keepawake.caf */,
				87A5DDB627B6A64D00A00109 /* abto_dtmf-0.wav */,
				87A5DDB727B6A64D00A00109 /* abto_dtmf-1.wav */,
				87A5DDB127B6A64D00A00109 /* abto_dtmf-2.wav */,
				87A5DDB327B6A64D00A00109 /* abto_dtmf-3.wav */,
				87A5DDB027B6A64D00A00109 /* abto_dtmf-4.wav */,
				87A5DDB427B6A64D00A00109 /* abto_dtmf-5.wav */,
				87A5DDB527B6A64D00A00109 /* abto_dtmf-6.wav */,
				87A5DDB927B6A64D00A00109 /* abto_dtmf-7.wav */,
				87A5DDAF27B6A64D00A00109 /* abto_dtmf-8.wav */,
				87A5DDAD27B6A64D00A00109 /* abto_dtmf-9.wav */,
				87A5DDAB27B6A64D00A00109 /* abto_dtmf-pound.wav */,
				87A5DDAC27B6A64D00A00109 /* abto_dtmf-star.wav */,
				87A5DDB827B6A64D00A00109 /* abto_keepawake.caf */,
				87A5DDAA27B6A64D00A00109 /* abto_keepawake.wav */,
				87A5DDB227B6A64D00A00109 /* abto_ringbacktone.wav */,
				87A5DDAE27B6A64D00A00109 /* abto_ringtone.mp3 */,
			);
			path = Resources;
			sourceTree = "<group>";
		};
		87A5DDCC27B6A9D600A00109 /* Abto */ = {
			isa = PBXGroup;
			children = (
				87A5DDCD27B6A9E800A00109 /* GenDefs.swift */,
			);
			path = Abto;
			sourceTree = "<group>";
		};
/* End PBXGroup section */

/* Begin PBXNativeTarget section */
		7555FF7A242A565900829871 /* VoIP */ = {
			isa = PBXNativeTarget;
			buildConfigurationList = 7555FFA5242A565B00829871 /* Build configuration list for PBXNativeTarget "VoIP" */;
			buildPhases = (
				7555FFB5242A651A00829871 /* ShellScript */,
				7555FF77242A565900829871 /* Sources */,
				7555FF78242A565900829871 /* Frameworks */,
				7555FF79242A565900829871 /* Resources */,
			);
			buildRules = (
			);
			dependencies = (
			);
			name = VoIP;
			packageProductDependencies = (
				87A5DCCC27A9B28E00A00109 /* Kingfisher */,
				87A5DCD727AD7E9000A00109 /* Toaster */,
			);
			productName = iosVoip;
			productReference = 7555FF7B242A565900829871 /* VoIP.app */;
			productType = "com.apple.product-type.application";
		};
/* End PBXNativeTarget section */

/* Begin PBXProject section */
		7555FF73242A565900829871 /* Project object */ = {
			isa = PBXProject;
			attributes = {
				LastSwiftUpdateCheck = 1130;
				LastUpgradeCheck = 1130;
				ORGANIZATIONNAME = orgName;
				TargetAttributes = {
					7555FF7A242A565900829871 = {
						CreatedOnToolsVersion = 11.3.1;
						LastSwiftMigration = 1320;
					};
				};
			};
			buildConfigurationList = 7555FF76242A565900829871 /* Build configuration list for PBXProject "iosVoip" */;
			compatibilityVersion = "Xcode 9.3";
			developmentRegion = en;
			hasScannedForEncodings = 0;
			knownRegions = (
				en,
				Base,
			);
			mainGroup = 7555FF72242A565900829871;
			packageReferences = (
				87A5DCCB27A9B28E00A00109 /* XCRemoteSwiftPackageReference "Kingfisher" */,
				87A5DCD627AD7E9000A00109 /* XCRemoteSwiftPackageReference "Toaster" */,
			);
			productRefGroup = 7555FF7C242A565900829871 /* Products */;
			projectDirPath = "";
			projectRoot = "";
			targets = (
				7555FF7A242A565900829871 /* VoIP */,
			);
		};
/* End PBXProject section */

/* Begin PBXResourcesBuildPhase section */
		7555FF79242A565900829871 /* Resources */ = {
			isa = PBXResourcesBuildPhase;
			buildActionMask = 2147483647;
			files = (
				87A5DDBF27B6A64D00A00109 /* abto_dtmf-8.wav in Resources */,
				87A5DDBE27B6A64D00A00109 /* abto_ringtone.mp3 in Resources */,
				87A5DDC827B6A64D00A00109 /* abto_keepawake.caf in Resources */,
				87A5DDBA27B6A64D00A00109 /* abto_keepawake.wav in Resources */,
				87A5DDBD27B6A64D00A00109 /* abto_dtmf-9.wav in Resources */,
				87A5DDC527B6A64D00A00109 /* abto_dtmf-6.wav in Resources */,
				058557D9273AAEEB004C7B11 /* Preview Assets.xcassets in Resources */,
				87A5DDC927B6A64D00A00109 /* abto_dtmf-7.wav in Resources */,
				87A5DDBB27B6A64D00A00109 /* abto_dtmf-pound.wav in Resources */,
				87A5DDBC27B6A64D00A00109 /* abto_dtmf-star.wav in Resources */,
				87A5DDC327B6A64D00A00109 /* abto_dtmf-3.wav in Resources */,
				87A5DDC727B6A64D00A00109 /* abto_dtmf-1.wav in Resources */,
				87A5DDC027B6A64D00A00109 /* abto_dtmf-4.wav in Resources */,
				87A5DDC627B6A64D00A00109 /* abto_dtmf-0.wav in Resources */,
				87A5DDC127B6A64D00A00109 /* abto_dtmf-2.wav in Resources */,
				87A5DDC227B6A64D00A00109 /* abto_ringbacktone.wav in Resources */,
				058557BB273AAA24004C7B11 /* Assets.xcassets in Resources */,
				87A5DDCB27B6A8A000A00109 /* abto_keepawake.caf in Resources */,
				87A5DDC427B6A64D00A00109 /* abto_dtmf-5.wav in Resources */,
			);
			runOnlyForDeploymentPostprocessing = 0;
		};
/* End PBXResourcesBuildPhase section */

/* Begin PBXShellScriptBuildPhase section */
		7555FFB5242A651A00829871 /* ShellScript */ = {
			isa = PBXShellScriptBuildPhase;
			buildActionMask = 2147483647;
			files = (
			);
			inputFileListPaths = (
			);
			inputPaths = (
			);
			outputFileListPaths = (
			);
			outputPaths = (
			);
			runOnlyForDeploymentPostprocessing = 0;
			shellPath = /bin/sh;
			shellScript = "cd \"$SRCROOT/..\"\n./gradlew :shared:embedAndSignAppleFrameworkForXcode\n";
		};
/* End PBXShellScriptBuildPhase section */

/* Begin PBXSourcesBuildPhase section */
		7555FF77242A565900829871 /* Sources */ = {
			isa = PBXSourcesBuildPhase;
			buildActionMask = 2147483647;
			files = (
				87A5DD5127AE9DF500A00109 /* UnitRow.swift in Sources */,
				87A5DD5627AE9DF500A00109 /* ProfileView.swift in Sources */,
				87A5DD5827AE9DF500A00109 /* CallVM.swift in Sources */,
				87A5DD4D27AE9DF500A00109 /* SettingRowView.swift in Sources */,
				87A5DD5F27AE9F4500A00109 /* CallRow.swift in Sources */,
				87A5DD6427AF2A4800A00109 /* CallScreen.swift in Sources */,
				87A5DCDA27AD80CA00A00109 /* Reachabilty.swift in Sources */,
				87A5DD4F27AE9DF500A00109 /* AppointmentRow.swift in Sources */,
				87A5DD4C27AE9DF500A00109 /* SettingsScreen.swift in Sources */,
				87A5DD5027AE9DF500A00109 /* CatalogScreen.swift in Sources */,
				87A5DD5927AE9DF500A00109 /* CatalogVM.swift in Sources */,
				87A5DD6227AE9F4500A00109 /* KeyPadRow.swift in Sources */,
				87A5DD4E27AE9DF500A00109 /* UserSettings.swift in Sources */,
				87A5DD6127AE9F4500A00109 /* KeyPadButton.swift in Sources */,
				87A5DD5527AE9DF500A00109 /* ProfileScreen.swift in Sources */,
				87A5DDCE27B6A9E800A00109 /* GenDefs.swift in Sources */,
				87A5DD6027AE9F4500A00109 /* KeyPad.swift in Sources */,
				2152FB042600AC8F00CF470E /* iOSApp.swift in Sources */,
				87A5DD5327AE9DF500A00109 /* CallerScreen.swift in Sources */,
				87A5DD5727AE9DF500A00109 /* NewAccountView.swift in Sources */,
				87A5DD5227AE9DF500A00109 /* MainRouter.swift in Sources */,
				87A5DD5427AE9DF500A00109 /* GrowingButton.swift in Sources */,
				87A5DD5A27AE9DF500A00109 /* ProfileVM.swift in Sources */,
			);
			runOnlyForDeploymentPostprocessing = 0;
		};
/* End PBXSourcesBuildPhase section */

/* Begin XCBuildConfiguration section */
		7555FFA3242A565B00829871 /* Debug */ = {
			isa = XCBuildConfiguration;
			buildSettings = {
				ALWAYS_SEARCH_USER_PATHS = NO;
				CLANG_ANALYZER_NONNULL = YES;
				CLANG_ANALYZER_NUMBER_OBJECT_CONVERSION = YES_AGGRESSIVE;
				CLANG_CXX_LANGUAGE_STANDARD = "gnu++14";
				CLANG_CXX_LIBRARY = "libc++";
				CLANG_ENABLE_MODULES = YES;
				CLANG_ENABLE_OBJC_ARC = YES;
				CLANG_ENABLE_OBJC_WEAK = YES;
				CLANG_WARN_BLOCK_CAPTURE_AUTORELEASING = YES;
				CLANG_WARN_BOOL_CONVERSION = YES;
				CLANG_WARN_COMMA = YES;
				CLANG_WARN_CONSTANT_CONVERSION = YES;
				CLANG_WARN_DEPRECATED_OBJC_IMPLEMENTATIONS = YES;
				CLANG_WARN_DIRECT_OBJC_ISA_USAGE = YES_ERROR;
				CLANG_WARN_DOCUMENTATION_COMMENTS = YES;
				CLANG_WARN_EMPTY_BODY = YES;
				CLANG_WARN_ENUM_CONVERSION = YES;
				CLANG_WARN_INFINITE_RECURSION = YES;
				CLANG_WARN_INT_CONVERSION = YES;
				CLANG_WARN_NON_LITERAL_NULL_CONVERSION = YES;
				CLANG_WARN_OBJC_IMPLICIT_RETAIN_SELF = YES;
				CLANG_WARN_OBJC_LITERAL_CONVERSION = YES;
				CLANG_WARN_OBJC_ROOT_CLASS = YES_ERROR;
				CLANG_WARN_QUOTED_INCLUDE_IN_FRAMEWORK_HEADER = YES;
				CLANG_WARN_RANGE_LOOP_ANALYSIS = YES;
				CLANG_WARN_STRICT_PROTOTYPES = YES;
				CLANG_WARN_SUSPICIOUS_MOVE = YES;
				CLANG_WARN_UNGUARDED_AVAILABILITY = YES_AGGRESSIVE;
				CLANG_WARN_UNREACHABLE_CODE = YES;
				CLANG_WARN__DUPLICATE_METHOD_MATCH = YES;
				COPY_PHASE_STRIP = NO;
				DEBUG_INFORMATION_FORMAT = "dwarf-with-dsym";
				ENABLE_STRICT_OBJC_MSGSEND = YES;
				ENABLE_TESTABILITY = YES;
				GCC_C_LANGUAGE_STANDARD = gnu11;
				GCC_DYNAMIC_NO_PIC = NO;
				GCC_NO_COMMON_BLOCKS = YES;
				GCC_OPTIMIZATION_LEVEL = 0;
				GCC_PREPROCESSOR_DEFINITIONS = (
					"DEBUG=1",
					"$(inherited)",
				);
				GCC_WARN_64_TO_32_BIT_CONVERSION = YES;
				GCC_WARN_ABOUT_RETURN_TYPE = YES_ERROR;
				GCC_WARN_UNDECLARED_SELECTOR = YES;
				GCC_WARN_UNINITIALIZED_AUTOS = YES_AGGRESSIVE;
				GCC_WARN_UNUSED_FUNCTION = YES;
				GCC_WARN_UNUSED_VARIABLE = YES;
				IPHONEOS_DEPLOYMENT_TARGET = 15.0;
				MTL_ENABLE_DEBUG_INFO = INCLUDE_SOURCE;
				MTL_FAST_MATH = YES;
				ONLY_ACTIVE_ARCH = YES;
				SDKROOT = iphoneos;
				SWIFT_ACTIVE_COMPILATION_CONDITIONS = DEBUG;
				SWIFT_OPTIMIZATION_LEVEL = "-Onone";
			};
			name = Debug;
		};
		7555FFA4242A565B00829871 /* Release */ = {
			isa = XCBuildConfiguration;
			buildSettings = {
				ALWAYS_SEARCH_USER_PATHS = NO;
				CLANG_ANALYZER_NONNULL = YES;
				CLANG_ANALYZER_NUMBER_OBJECT_CONVERSION = YES_AGGRESSIVE;
				CLANG_CXX_LANGUAGE_STANDARD = "gnu++14";
				CLANG_CXX_LIBRARY = "libc++";
				CLANG_ENABLE_MODULES = YES;
				CLANG_ENABLE_OBJC_ARC = YES;
				CLANG_ENABLE_OBJC_WEAK = YES;
				CLANG_WARN_BLOCK_CAPTURE_AUTORELEASING = YES;
				CLANG_WARN_BOOL_CONVERSION = YES;
				CLANG_WARN_COMMA = YES;
				CLANG_WARN_CONSTANT_CONVERSION = YES;
				CLANG_WARN_DEPRECATED_OBJC_IMPLEMENTATIONS = YES;
				CLANG_WARN_DIRECT_OBJC_ISA_USAGE = YES_ERROR;
				CLANG_WARN_DOCUMENTATION_COMMENTS = YES;
				CLANG_WARN_EMPTY_BODY = YES;
				CLANG_WARN_ENUM_CONVERSION = YES;
				CLANG_WARN_INFINITE_RECURSION = YES;
				CLANG_WARN_INT_CONVERSION = YES;
				CLANG_WARN_NON_LITERAL_NULL_CONVERSION = YES;
				CLANG_WARN_OBJC_IMPLICIT_RETAIN_SELF = YES;
				CLANG_WARN_OBJC_LITERAL_CONVERSION = YES;
				CLANG_WARN_OBJC_ROOT_CLASS = YES_ERROR;
				CLANG_WARN_QUOTED_INCLUDE_IN_FRAMEWORK_HEADER = YES;
				CLANG_WARN_RANGE_LOOP_ANALYSIS = YES;
				CLANG_WARN_STRICT_PROTOTYPES = YES;
				CLANG_WARN_SUSPICIOUS_MOVE = YES;
				CLANG_WARN_UNGUARDED_AVAILABILITY = YES_AGGRESSIVE;
				CLANG_WARN_UNREACHABLE_CODE = YES;
				CLANG_WARN__DUPLICATE_METHOD_MATCH = YES;
				COPY_PHASE_STRIP = NO;
				DEBUG_INFORMATION_FORMAT = "dwarf-with-dsym";
				ENABLE_NS_ASSERTIONS = NO;
				ENABLE_STRICT_OBJC_MSGSEND = YES;
				GCC_C_LANGUAGE_STANDARD = gnu11;
				GCC_NO_COMMON_BLOCKS = YES;
				GCC_WARN_64_TO_32_BIT_CONVERSION = YES;
				GCC_WARN_ABOUT_RETURN_TYPE = YES_ERROR;
				GCC_WARN_UNDECLARED_SELECTOR = YES;
				GCC_WARN_UNINITIALIZED_AUTOS = YES_AGGRESSIVE;
				GCC_WARN_UNUSED_FUNCTION = YES;
				GCC_WARN_UNUSED_VARIABLE = YES;
				IPHONEOS_DEPLOYMENT_TARGET = 15.0;
				MTL_ENABLE_DEBUG_INFO = NO;
				MTL_FAST_MATH = YES;
				SDKROOT = iphoneos;
				SWIFT_COMPILATION_MODE = wholemodule;
				SWIFT_OPTIMIZATION_LEVEL = "-O";
				VALIDATE_PRODUCT = YES;
			};
			name = Release;
		};
		7555FFA6242A565B00829871 /* Debug */ = {
			isa = XCBuildConfiguration;
			buildSettings = {
				ASSETCATALOG_COMPILER_APPICON_NAME = AppIcon;
				CLANG_ENABLE_MODULES = YES;
				CODE_SIGN_STYLE = Automatic;
				DEVELOPMENT_ASSET_PATHS = "\"iosVoip/Preview Content\"";
				DEVELOPMENT_TEAM = S6PWM8SL29;
				ENABLE_BITCODE = NO;
				ENABLE_PREVIEWS = YES;
				FRAMEWORK_SEARCH_PATHS = "$(SRCROOT)/../shared/build/xcode-frameworks/$(CONFIGURATION)/$(SDK_NAME)";
				INFOPLIST_FILE = iosVoip/Info.plist;
				IPHONEOS_DEPLOYMENT_TARGET = 15.0;
				LD_RUNPATH_SEARCH_PATHS = (
					"$(inherited)",
					"@executable_path/Frameworks",
				);
				OTHER_LDFLAGS = (
					"$(inherited)",
					"-framework",
					shared,
				);
				PRODUCT_BUNDLE_IDENTIFIER = voipmephi.app;
				PRODUCT_NAME = "${TARGET_NAME}";
				SWIFT_OBJC_BRIDGING_HEADER = "iosVoip/VoIP-Bridging-Header.h";
				SWIFT_OPTIMIZATION_LEVEL = "-Onone";
				SWIFT_VERSION = 5.0;
				TARGETED_DEVICE_FAMILY = "1,2";
			};
			name = Debug;
		};
		7555FFA7242A565B00829871 /* Release */ = {
			isa = XCBuildConfiguration;
			buildSettings = {
				ASSETCATALOG_COMPILER_APPICON_NAME = AppIcon;
				CLANG_ENABLE_MODULES = YES;
				CODE_SIGN_STYLE = Automatic;
				DEVELOPMENT_ASSET_PATHS = "\"iosVoip/Preview Content\"";
				DEVELOPMENT_TEAM = S6PWM8SL29;
				ENABLE_BITCODE = NO;
				ENABLE_PREVIEWS = YES;
				FRAMEWORK_SEARCH_PATHS = "$(SRCROOT)/../shared/build/xcode-frameworks/$(CONFIGURATION)/$(SDK_NAME)";
				INFOPLIST_FILE = iosVoip/Info.plist;
				IPHONEOS_DEPLOYMENT_TARGET = 15.0;
				LD_RUNPATH_SEARCH_PATHS = (
					"$(inherited)",
					"@executable_path/Frameworks",
				);
				OTHER_LDFLAGS = (
					"$(inherited)",
					"-framework",
					shared,
				);
				PRODUCT_BUNDLE_IDENTIFIER = voipmephi.app;
				PRODUCT_NAME = "${TARGET_NAME}";
				SWIFT_OBJC_BRIDGING_HEADER = "iosVoip/VoIP-Bridging-Header.h";
				SWIFT_VERSION = 5.0;
				TARGETED_DEVICE_FAMILY = "1,2";
			};
			name = Release;
		};
/* End XCBuildConfiguration section */

/* Begin XCConfigurationList section */
		7555FF76242A565900829871 /* Build configuration list for PBXProject "iosVoip" */ = {
			isa = XCConfigurationList;
			buildConfigurations = (
				7555FFA3242A565B00829871 /* Debug */,
				7555FFA4242A565B00829871 /* Release */,
			);
			defaultConfigurationIsVisible = 0;
			defaultConfigurationName = Release;
		};
		7555FFA5242A565B00829871 /* Build configuration list for PBXNativeTarget "VoIP" */ = {
			isa = XCConfigurationList;
			buildConfigurations = (
				7555FFA6242A565B00829871 /* Debug */,
				7555FFA7242A565B00829871 /* Release */,
			);
			defaultConfigurationIsVisible = 0;
			defaultConfigurationName = Release;
		};
/* End XCConfigurationList section */

/* Begin XCRemoteSwiftPackageReference section */
		87A5DCCB27A9B28E00A00109 /* XCRemoteSwiftPackageReference "Kingfisher" */ = {
			isa = XCRemoteSwiftPackageReference;
			repositoryURL = "https://github.com/onevcat/Kingfisher";
			requirement = {
				branch = master;
				kind = branch;
			};
		};
		87A5DCD627AD7E9000A00109 /* XCRemoteSwiftPackageReference "Toaster" */ = {
			isa = XCRemoteSwiftPackageReference;
			repositoryURL = "https://github.com/devxoul/Toaster";
			requirement = {
				branch = master;
				kind = branch;
			};
		};
/* End XCRemoteSwiftPackageReference section */

/* Begin XCSwiftPackageProductDependency section */
		87A5DCCC27A9B28E00A00109 /* Kingfisher */ = {
			isa = XCSwiftPackageProductDependency;
			package = 87A5DCCB27A9B28E00A00109 /* XCRemoteSwiftPackageReference "Kingfisher" */;
			productName = Kingfisher;
		};
		87A5DCD727AD7E9000A00109 /* Toaster */ = {
			isa = XCSwiftPackageProductDependency;
			package = 87A5DCD627AD7E9000A00109 /* XCRemoteSwiftPackageReference "Toaster" */;
			productName = Toaster;
		};
/* End XCSwiftPackageProductDependency section */
	};
	rootObject = 7555FF73242A565900829871 /* Project object */;
}
